// !$*UTF8*$!
{
	archiveVersion = 1;
	classes = {
	};
	objectVersion = 46;
	objects = {

/* Begin PBXBuildFile section */
		ACC65CFC18C59B11009A3B4F /* Foundation.framework in Frameworks */ = {isa = PBXBuildFile; fileRef = ACC65CFB18C59B11009A3B4F /* Foundation.framework */; };
		ACC65CFE18C59B11009A3B4F /* CoreGraphics.framework in Frameworks */ = {isa = PBXBuildFile; fileRef = ACC65CFD18C59B11009A3B4F /* CoreGraphics.framework */; };
		ACC65D0018C59B11009A3B4F /* UIKit.framework in Frameworks */ = {isa = PBXBuildFile; fileRef = ACC65CFF18C59B11009A3B4F /* UIKit.framework */; };
		ACC65D0618C59B11009A3B4F /* InfoPlist.strings in Resources */ = {isa = PBXBuildFile; fileRef = ACC65D0418C59B11009A3B4F /* InfoPlist.strings */; };
		ACC65D0818C59B11009A3B4F /* main.m in Sources */ = {isa = PBXBuildFile; fileRef = ACC65D0718C59B11009A3B4F /* main.m */; };
		ACC65D0C18C59B11009A3B4F /* AppDelegate.m in Sources */ = {isa = PBXBuildFile; fileRef = ACC65D0B18C59B11009A3B4F /* AppDelegate.m */; };
		ACC65D0E18C59B11009A3B4F /* Images.xcassets in Resources */ = {isa = PBXBuildFile; fileRef = ACC65D0D18C59B11009A3B4F /* Images.xcassets */; };
		ACC65D1518C59B11009A3B4F /* XCTest.framework in Frameworks */ = {isa = PBXBuildFile; fileRef = ACC65D1418C59B11009A3B4F /* XCTest.framework */; };
		ACC65D1618C59B11009A3B4F /* Foundation.framework in Frameworks */ = {isa = PBXBuildFile; fileRef = ACC65CFB18C59B11009A3B4F /* Foundation.framework */; };
		ACC65D1718C59B11009A3B4F /* UIKit.framework in Frameworks */ = {isa = PBXBuildFile; fileRef = ACC65CFF18C59B11009A3B4F /* UIKit.framework */; };
		ACC65D1F18C59B11009A3B4F /* InfoPlist.strings in Resources */ = {isa = PBXBuildFile; fileRef = ACC65D1D18C59B11009A3B4F /* InfoPlist.strings */; };
		ACC65D2118C59B11009A3B4F /* MyDriver_Prototype_LumingNieTests.m in Sources */ = {isa = PBXBuildFile; fileRef = ACC65D2018C59B11009A3B4F /* MyDriver_Prototype_LumingNieTests.m */; };
		ACC65D2B18C59ECF009A3B4F /* Main.storyboard in Resources */ = {isa = PBXBuildFile; fileRef = ACC65D2A18C59ECF009A3B4F /* Main.storyboard */; };
/* End PBXBuildFile section */

/* Begin PBXContainerItemProxy section */
		ACC65D1818C59B11009A3B4F /* PBXContainerItemProxy */ = {
			isa = PBXContainerItemProxy;
			containerPortal = ACC65CF018C59B11009A3B4F /* Project object */;
			proxyType = 1;
			remoteGlobalIDString = ACC65CF718C59B11009A3B4F;
			remoteInfo = "MyDriver-Prototype-LumingNie";
		};
/* End PBXContainerItemProxy section */

/* Begin PBXFileReference section */
		ACC65CF818C59B11009A3B4F /* MyDriver-Prototype-LumingNie.app */ = {isa = PBXFileReference; explicitFileType = wrapper.application; includeInIndex = 0; path = "MyDriver-Prototype-LumingNie.app"; sourceTree = BUILT_PRODUCTS_DIR; };
		ACC65CFB18C59B11009A3B4F /* Foundation.framework */ = {isa = PBXFileReference; lastKnownFileType = wrapper.framework; name = Foundation.framework; path = System/Library/Frameworks/Foundation.framework; sourceTree = SDKROOT; };
		ACC65CFD18C59B11009A3B4F /* CoreGraphics.framework */ = {isa = PBXFileReference; lastKnownFileType = wrapper.framework; name = CoreGraphics.framework; path = System/Library/Frameworks/CoreGraphics.framework; sourceTree = SDKROOT; };
		ACC65CFF18C59B11009A3B4F /* UIKit.framework */ = {isa = PBXFileReference; lastKnownFileType = wrapper.framework; name = UIKit.framework; path = System/Library/Frameworks/UIKit.framework; sourceTree = SDKROOT; };
		ACC65D0318C59B11009A3B4F /* MyDriver-Prototype-LumingNie-Info.plist */ = {isa = PBXFileReference; lastKnownFileType = text.plist.xml; path = "MyDriver-Prototype-LumingNie-Info.plist"; sourceTree = "<group>"; };
		ACC65D0518C59B11009A3B4F /* en */ = {isa = PBXFileReference; lastKnownFileType = text.plist.strings; name = en; path = en.lproj/InfoPlist.strings; sourceTree = "<group>"; };
		ACC65D0718C59B11009A3B4F /* main.m */ = {isa = PBXFileReference; lastKnownFileType = sourcecode.c.objc; path = main.m; sourceTree = "<group>"; };
		ACC65D0918C59B11009A3B4F /* MyDriver-Prototype-LumingNie-Prefix.pch */ = {isa = PBXFileReference; lastKnownFileType = sourcecode.c.h; path = "MyDriver-Prototype-LumingNie-Prefix.pch"; sourceTree = "<group>"; };
		ACC65D0A18C59B11009A3B4F /* AppDelegate.h */ = {isa = PBXFileReference; lastKnownFileType = sourcecode.c.h; path = AppDelegate.h; sourceTree = "<group>"; };
		ACC65D0B18C59B11009A3B4F /* AppDelegate.m */ = {isa = PBXFileReference; lastKnownFileType = sourcecode.c.objc; path = AppDelegate.m; sourceTree = "<group>"; };
		ACC65D0D18C59B11009A3B4F /* Images.xcassets */ = {isa = PBXFileReference; lastKnownFileType = folder.assetcatalog; path = Images.xcassets; sourceTree = "<group>"; };
		ACC65D1318C59B11009A3B4F /* MyDriver-Prototype-LumingNieTests.xctest */ = {isa = PBXFileReference; explicitFileType = wrapper.cfbundle; includeInIndex = 0; path = "MyDriver-Prototype-LumingNieTests.xctest"; sourceTree = BUILT_PRODUCTS_DIR; };
		ACC65D1418C59B11009A3B4F /* XCTest.framework */ = {isa = PBXFileReference; lastKnownFileType = wrapper.framework; name = XCTest.framework; path = Library/Frameworks/XCTest.framework; sourceTree = DEVELOPER_DIR; };
		ACC65D1C18C59B11009A3B4F /* MyDriver-Prototype-LumingNieTests-Info.plist */ = {isa = PBXFileReference; lastKnownFileType = text.plist.xml; path = "MyDriver-Prototype-LumingNieTests-Info.plist"; sourceTree = "<group>"; };
		ACC65D1E18C59B11009A3B4F /* en */ = {isa = PBXFileReference; lastKnownFileType = text.plist.strings; name = en; path = en.lproj/InfoPlist.strings; sourceTree = "<group>"; };
		ACC65D2018C59B11009A3B4F /* MyDriver_Prototype_LumingNieTests.m */ = {isa = PBXFileReference; lastKnownFileType = sourcecode.c.objc; path = MyDriver_Prototype_LumingNieTests.m; sourceTree = "<group>"; };
		ACC65D2A18C59ECF009A3B4F /* Main.storyboard */ = {isa = PBXFileReference; fileEncoding = 4; lastKnownFileType = file.storyboard; path = Main.storyboard; sourceTree = "<group>"; };
/* End PBXFileReference section */

/* Begin PBXFrameworksBuildPhase section */
		ACC65CF518C59B11009A3B4F /* Frameworks */ = {
			isa = PBXFrameworksBuildPhase;
			buildActionMask = 2147483647;
			files = (
				ACC65CFE18C59B11009A3B4F /* CoreGraphics.framework in Frameworks */,
				ACC65D0018C59B11009A3B4F /* UIKit.framework in Frameworks */,
				ACC65CFC18C59B11009A3B4F /* Foundation.framework in Frameworks */,
			);
			runOnlyForDeploymentPostprocessing = 0;
		};
		ACC65D1018C59B11009A3B4F /* Frameworks */ = {
			isa = PBXFrameworksBuildPhase;
			buildActionMask = 2147483647;
			files = (
				ACC65D1518C59B11009A3B4F /* XCTest.framework in Frameworks */,
				ACC65D1718C59B11009A3B4F /* UIKit.framework in Frameworks */,
				ACC65D1618C59B11009A3B4F /* Foundation.framework in Frameworks */,
			);
			runOnlyForDeploymentPostprocessing = 0;
		};
/* End PBXFrameworksBuildPhase section */

/* Begin PBXGroup section */
		ACC65CEF18C59B11009A3B4F = {
			isa = PBXGroup;
			children = (
				ACC65D0118C59B11009A3B4F /* MyDriver-Prototype-LumingNie */,
				ACC65D1A18C59B11009A3B4F /* MyDriver-Prototype-LumingNieTests */,
				ACC65CFA18C59B11009A3B4F /* Frameworks */,
				ACC65CF918C59B11009A3B4F /* Products */,
			);
			sourceTree = "<group>";
		};
		ACC65CF918C59B11009A3B4F /* Products */ = {
			isa = PBXGroup;
			children = (
				ACC65CF818C59B11009A3B4F /* MyDriver-Prototype-LumingNie.app */,
				ACC65D1318C59B11009A3B4F /* MyDriver-Prototype-LumingNieTests.xctest */,
			);
			name = Products;
			sourceTree = "<group>";
		};
		ACC65CFA18C59B11009A3B4F /* Frameworks */ = {
			isa = PBXGroup;
			children = (
				ACC65CFB18C59B11009A3B4F /* Foundation.framework */,
				ACC65CFD18C59B11009A3B4F /* CoreGraphics.framework */,
				ACC65CFF18C59B11009A3B4F /* UIKit.framework */,
				ACC65D1418C59B11009A3B4F /* XCTest.framework */,
			);
			name = Frameworks;
			sourceTree = "<group>";
		};
		ACC65D0118C59B11009A3B4F /* MyDriver-Prototype-LumingNie */ = {
			isa = PBXGroup;
			children = (
				ACC65D0A18C59B11009A3B4F /* AppDelegate.h */,
				ACC65D0B18C59B11009A3B4F /* AppDelegate.m */,
				ACC65D2A18C59ECF009A3B4F /* Main.storyboard */,
				ACC65D0D18C59B11009A3B4F /* Images.xcassets */,
				ACC65D0218C59B11009A3B4F /* Supporting Files */,
			);
			path = "MyDriver-Prototype-LumingNie";
			sourceTree = "<group>";
		};
		ACC65D0218C59B11009A3B4F /* Supporting Files */ = {
			isa = PBXGroup;
			children = (
				ACC65D0318C59B11009A3B4F /* MyDriver-Prototype-LumingNie-Info.plist */,
				ACC65D0418C59B11009A3B4F /* InfoPlist.strings */,
				ACC65D0718C59B11009A3B4F /* main.m */,
				ACC65D0918C59B11009A3B4F /* MyDriver-Prototype-LumingNie-Prefix.pch */,
			);
			name = "Supporting Files";
			sourceTree = "<group>";
		};
		ACC65D1A18C59B11009A3B4F /* MyDriver-Prototype-LumingNieTests */ = {
			isa = PBXGroup;
			children = (
				ACC65D2018C59B11009A3B4F /* MyDriver_Prototype_LumingNieTests.m */,
				ACC65D1B18C59B11009A3B4F /* Supporting Files */,
			);
			path = "MyDriver-Prototype-LumingNieTests";
			sourceTree = "<group>";
		};
		ACC65D1B18C59B11009A3B4F /* Supporting Files */ = {
			isa = PBXGroup;
			children = (
				ACC65D1C18C59B11009A3B4F /* MyDriver-Prototype-LumingNieTests-Info.plist */,
				ACC65D1D18C59B11009A3B4F /* InfoPlist.strings */,
			);
			name = "Supporting Files";
			sourceTree = "<group>";
		};
/* End PBXGroup section */

/* Begin PBXNativeTarget section */
		ACC65CF718C59B11009A3B4F /* MyDriver-Prototype-LumingNie */ = {
			isa = PBXNativeTarget;
			buildConfigurationList = ACC65D2418C59B11009A3B4F /* Build configuration list for PBXNativeTarget "MyDriver-Prototype-LumingNie" */;
			buildPhases = (
				ACC65CF418C59B11009A3B4F /* Sources */,
				ACC65CF518C59B11009A3B4F /* Frameworks */,
				ACC65CF618C59B11009A3B4F /* Resources */,
			);
			buildRules = (
			);
			dependencies = (
			);
			name = "MyDriver-Prototype-LumingNie";
			productName = "MyDriver-Prototype-LumingNie";
			productReference = ACC65CF818C59B11009A3B4F /* MyDriver-Prototype-LumingNie.app */;
			productType = "com.apple.product-type.application";
		};
		ACC65D1218C59B11009A3B4F /* MyDriver-Prototype-LumingNieTests */ = {
			isa = PBXNativeTarget;
			buildConfigurationList = ACC65D2718C59B11009A3B4F /* Build configuration list for PBXNativeTarget "MyDriver-Prototype-LumingNieTests" */;
			buildPhases = (
				ACC65D0F18C59B11009A3B4F /* Sources */,
				ACC65D1018C59B11009A3B4F /* Frameworks */,
				ACC65D1118C59B11009A3B4F /* Resources */,
			);
			buildRules = (
			);
			dependencies = (
				ACC65D1918C59B11009A3B4F /* PBXTargetDependency */,
			);
			name = "MyDriver-Prototype-LumingNieTests";
			productName = "MyDriver-Prototype-LumingNieTests";
			productReference = ACC65D1318C59B11009A3B4F /* MyDriver-Prototype-LumingNieTests.xctest */;
			productType = "com.apple.product-type.bundle.unit-test";
		};
/* End PBXNativeTarget section */

/* Begin PBXProject section */
		ACC65CF018C59B11009A3B4F /* Project object */ = {
			isa = PBXProject;
			attributes = {
				LastUpgradeCheck = 0500;
				ORGANIZATIONNAME = "聂 路明";
				TargetAttributes = {
					ACC65D1218C59B11009A3B4F = {
						TestTargetID = ACC65CF718C59B11009A3B4F;
					};
				};
			};
			buildConfigurationList = ACC65CF318C59B11009A3B4F /* Build configuration list for PBXProject "MyDriver-Prototype-LumingNie" */;
			compatibilityVersion = "Xcode 3.2";
			developmentRegion = English;
			hasScannedForEncodings = 0;
			knownRegions = (
				en,
			);
			mainGroup = ACC65CEF18C59B11009A3B4F;
			productRefGroup = ACC65CF918C59B11009A3B4F /* Products */;
			projectDirPath = "";
			projectRoot = "";
			targets = (
				ACC65CF718C59B11009A3B4F /* MyDriver-Prototype-LumingNie */,
				ACC65D1218C59B11009A3B4F /* MyDriver-Prototype-LumingNieTests */,
			);
		};
/* End PBXProject section */

/* Begin PBXResourcesBuildPhase section */
		ACC65CF618C59B11009A3B4F /* Resources */ = {
			isa = PBXResourcesBuildPhase;
			buildActionMask = 2147483647;
			files = (
				ACC65D2B18C59ECF009A3B4F /* Main.storyboard in Resources */,
				ACC65D0618C59B11009A3B4F /* InfoPlist.strings in Resources */,
				ACC65D0E18C59B11009A3B4F /* Images.xcassets in Resources */,
			);
			runOnlyForDeploymentPostprocessing = 0;
		};
		ACC65D1118C59B11009A3B4F /* Resources */ = {
			isa = PBXResourcesBuildPhase;
			buildActionMask = 2147483647;
			files = (
				ACC65D1F18C59B11009A3B4F /* InfoPlist.strings in Resources */,
			);
			runOnlyForDeploymentPostprocessing = 0;
		};
/* End PBXResourcesBuildPhase section */

/* Begin PBXSourcesBuildPhase section */
		ACC65CF418C59B11009A3B4F /* Sources */ = {
			isa = PBXSourcesBuildPhase;
			buildActionMask = 2147483647;
			files = (
				ACC65D0C18C59B11009A3B4F /* AppDelegate.m in Sources */,
				ACC65D0818C59B11009A3B4F /* main.m in Sources */,
			);
			runOnlyForDeploymentPostprocessing = 0;
		};
		ACC65D0F18C59B11009A3B4F /* Sources */ = {
			isa = PBXSourcesBuildPhase;
			buildActionMask = 2147483647;
			files = (
				ACC65D2118C59B11009A3B4F /* MyDriver_Prototype_LumingNieTests.m in Sources */,
			);
			runOnlyForDeploymentPostprocessing = 0;
		};
/* End PBXSourcesBuildPhase section */

/* Begin PBXTargetDependency section */
		ACC65D1918C59B11009A3B4F /* PBXTargetDependency */ = {
			isa = PBXTargetDependency;
			target = ACC65CF718C59B11009A3B4F /* MyDriver-Prototype-LumingNie */;
			targetProxy = ACC65D1818C59B11009A3B4F /* PBXContainerItemProxy */;
		};
/* End PBXTargetDependency section */

/* Begin PBXVariantGroup section */
		ACC65D0418C59B11009A3B4F /* InfoPlist.strings */ = {
			isa = PBXVariantGroup;
			children = (
				ACC65D0518C59B11009A3B4F /* en */,
			);
			name = InfoPlist.strings;
			sourceTree = "<group>";
		};
		ACC65D1D18C59B11009A3B4F /* InfoPlist.strings */ = {
			isa = PBXVariantGroup;
			children = (
				ACC65D1E18C59B11009A3B4F /* en */,
			);
			name = InfoPlist.strings;
			sourceTree = "<group>";
		};
/* End PBXVariantGroup section */

/* Begin XCBuildConfiguration section */
		ACC65D2218C59B11009A3B4F /* Debug */ = {
			isa = XCBuildConfiguration;
			buildSettings = {
				ALWAYS_SEARCH_USER_PATHS = NO;
				ARCHS = "$(ARCHS_STANDARD_INCLUDING_64_BIT)";
				CLANG_CXX_LANGUAGE_STANDARD = "gnu++0x";
				CLANG_CXX_LIBRARY = "libc++";
				CLANG_ENABLE_MODULES = YES;
				CLANG_ENABLE_OBJC_ARC = YES;
				CLANG_WARN_BOOL_CONVERSION = YES;
				CLANG_WARN_CONSTANT_CONVERSION = YES;
				CLANG_WARN_DIRECT_OBJC_ISA_USAGE = YES_ERROR;
				CLANG_WARN_EMPTY_BODY = YES;
				CLANG_WARN_ENUM_CONVERSION = YES;
				CLANG_WARN_INT_CONVERSION = YES;
				CLANG_WARN_OBJC_ROOT_CLASS = YES_ERROR;
				CLANG_WARN__DUPLICATE_METHOD_MATCH = YES;
				"CODE_SIGN_IDENTITY[sdk=iphoneos*]" = "iPhone Developer";
				COPY_PHASE_STRIP = NO;
				GCC_C_LANGUAGE_STANDARD = gnu99;
				GCC_DYNAMIC_NO_PIC = NO;
				GCC_OPTIMIZATION_LEVEL = 0;
				GCC_PREPROCESSOR_DEFINITIONS = (
					"DEBUG=1",
					"$(inherited)",
				);
				GCC_SYMBOLS_PRIVATE_EXTERN = NO;
				GCC_WARN_64_TO_32_BIT_CONVERSION = YES;
				GCC_WARN_ABOUT_RETURN_TYPE = YES_ERROR;
				GCC_WARN_UNDECLARED_SELECTOR = YES;
				GCC_WARN_UNINITIALIZED_AUTOS = YES;
				GCC_WARN_UNUSED_FUNCTION = YES;
				GCC_WARN_UNUSED_VARIABLE = YES;
				IPHONEOS_DEPLOYMENT_TARGET = 7.0;
				ONLY_ACTIVE_ARCH = YES;
				SDKROOT = iphoneos;
			};
			name = Debug;
		};
		ACC65D2318C59B11009A3B4F /* Release */ = {
			isa = XCBuildConfiguration;
			buildSettings = {
				ALWAYS_SEARCH_USER_PATHS = NO;
				ARCHS = "$(ARCHS_STANDARD_INCLUDING_64_BIT)";
				CLANG_CXX_LANGUAGE_STANDARD = "gnu++0x";
				CLANG_CXX_LIBRARY = "libc++";
				CLANG_ENABLE_MODULES = YES;
				CLANG_ENABLE_OBJC_ARC = YES;
				CLANG_WARN_BOOL_CONVERSION = YES;
				CLANG_WARN_CONSTANT_CONVERSION = YES;
				CLANG_WARN_DIRECT_OBJC_ISA_USAGE = YES_ERROR;
				CLANG_WARN_EMPTY_BODY = YES;
				CLANG_WARN_ENUM_CONVERSION = YES;
				CLANG_WARN_INT_CONVERSION = YES;
				CLANG_WARN_OBJC_ROOT_CLASS = YES_ERROR;
				CLANG_WARN__DUPLICATE_METHOD_MATCH = YES;
				"CODE_SIGN_IDENTITY[sdk=iphoneos*]" = "iPhone Developer";
				COPY_PHASE_STRIP = YES;
				ENABLE_NS_ASSERTIONS = NO;
				GCC_C_LANGUAGE_STANDARD = gnu99;
				GCC_WARN_64_TO_32_BIT_CONVERSION = YES;
				GCC_WARN_ABOUT_RETURN_TYPE = YES_ERROR;
				GCC_WARN_UNDECLARED_SELECTOR = YES;
				GCC_WARN_UNINITIALIZED_AUTOS = YES;
				GCC_WARN_UNUSED_FUNCTION = YES;
				GCC_WARN_UNUSED_VARIABLE = YES;
				IPHONEOS_DEPLOYMENT_TARGET = 7.0;
				SDKROOT = iphoneos;
				VALIDATE_PRODUCT = YES;
			};
			name = Release;
		};
		ACC65D2518C59B11009A3B4F /* Debug */ = {
			isa = XCBuildConfiguration;
			buildSettings = {
				ASSETCATALOG_COMPILER_APPICON_NAME = AppIcon;
				ASSETCATALOG_COMPILER_LAUNCHIMAGE_NAME = LaunchImage;
				GCC_PRECOMPILE_PREFIX_HEADER = YES;
				GCC_PREFIX_HEADER = "MyDriver-Prototype-LumingNie/MyDriver-Prototype-LumingNie-Prefix.pch";
				INFOPLIST_FILE = "MyDriver-Prototype-LumingNie/MyDriver-Prototype-LumingNie-Info.plist";
				PRODUCT_NAME = "$(TARGET_NAME)";
				WRAPPER_EXTENSION = app;
			};
			name = Debug;
		};
		ACC65D2618C59B11009A3B4F /* Release */ = {
			isa = XCBuildConfiguration;
			buildSettings = {
				ASSETCATALOG_COMPILER_APPICON_NAME = AppIcon;
				ASSETCATALOG_COMPILER_LAUNCHIMAGE_NAME = LaunchImage;
				GCC_PRECOMPILE_PREFIX_HEADER = YES;
				GCC_PREFIX_HEADER = "MyDriver-Prototype-LumingNie/MyDriver-Prototype-LumingNie-Prefix.pch";
				INFOPLIST_FILE = "MyDriver-Prototype-LumingNie/MyDriver-Prototype-LumingNie-Info.plist";
				PRODUCT_NAME = "$(TARGET_NAME)";
				WRAPPER_EXTENSION = app;
			};
			name = Release;
		};
		ACC65D2818C59B11009A3B4F /* Debug */ = {
			isa = XCBuildConfiguration;
			buildSettings = {
				ARCHS = "$(ARCHS_STANDARD_INCLUDING_64_BIT)";
				BUNDLE_LOADER = "$(BUILT_PRODUCTS_DIR)/MyDriver-Prototype-LumingNie.app/MyDriver-Prototype-LumingNie";
				FRAMEWORK_SEARCH_PATHS = (
					"$(SDKROOT)/Developer/Library/Frameworks",
					"$(inherited)",
					"$(DEVELOPER_FRAMEWORKS_DIR)",
				);
				GCC_PRECOMPILE_PREFIX_HEADER = YES;
				GCC_PREFIX_HEADER = "MyDriver-Prototype-LumingNie/MyDriver-Prototype-LumingNie-Prefix.pch";
				GCC_PREPROCESSOR_DEFINITIONS = (
					"DEBUG=1",
					"$(inherited)",
				);
				INFOPLIST_FILE = "MyDriver-Prototype-LumingNieTests/MyDriver-Prototype-LumingNieTests-Info.plist";
				PRODUCT_NAME = "$(TARGET_NAME)";
				TEST_HOST = "$(BUNDLE_LOADER)";
				WRAPPER_EXTENSION = xctest;
			};
			name = Debug;
		};
		ACC65D2918C59B11009A3B4F /* Release */ = {
			isa = XCBuildConfiguration;
			buildSettings = {
				ARCHS = "$(ARCHS_STANDARD_INCLUDING_64_BIT)";
				BUNDLE_LOADER = "$(BUILT_PRODUCTS_DIR)/MyDriver-Prototype-LumingNie.app/MyDriver-Prototype-LumingNie";
				FRAMEWORK_SEARCH_PATHS = (
					"$(SDKROOT)/Developer/Library/Frameworks",
					"$(inherited)",
					"$(DEVELOPER_FRAMEWORKS_DIR)",
				);
				GCC_PRECOMPILE_PREFIX_HEADER = YES;
				GCC_PREFIX_HEADER = "MyDriver-Prototype-LumingNie/MyDriver-Prototype-LumingNie-Prefix.pch";
				INFOPLIST_FILE = "MyDriver-Prototype-LumingNieTests/MyDriver-Prototype-LumingNieTests-Info.plist";
				PRODUCT_NAME = "$(TARGET_NAME)";
				TEST_HOST = "$(BUNDLE_LOADER)";
				WRAPPER_EXTENSION = xctest;
			};
			name = Release;
		};
/* End XCBuildConfiguration section */

/* Begin XCConfigurationList section */
		ACC65CF318C59B11009A3B4F /* Build configuration list for PBXProject "MyDriver-Prototype-LumingNie" */ = {
			isa = XCConfigurationList;
			buildConfigurations = (
				ACC65D2218C59B11009A3B4F /* Debug */,
				ACC65D2318C59B11009A3B4F /* Release */,
			);
			defaultConfigurationIsVisible = 0;
			defaultConfigurationName = Release;
		};
		ACC65D2418C59B11009A3B4F /* Build configuration list for PBXNativeTarget "MyDriver-Prototype-LumingNie" */ = {
			isa = XCConfigurationList;
			buildConfigurations = (
				ACC65D2518C59B11009A3B4F /* Debug */,
				ACC65D2618C59B11009A3B4F /* Release */,
			);
			defaultConfigurationIsVisible = 0;
		};
		ACC65D2718C59B11009A3B4F /* Build configuration list for PBXNativeTarget "MyDriver-Prototype-LumingNieTests" */ = {
			isa = XCConfigurationList;
			buildConfigurations = (
				ACC65D2818C59B11009A3B4F /* Debug */,
				ACC65D2918C59B11009A3B4F /* Release */,
			);
			defaultConfigurationIsVisible = 0;
		};
/* End XCConfigurationList section */
	};
	rootObject = ACC65CF018C59B11009A3B4F /* Project object */;
}
